// !$*UTF8*$!
{
	archiveVersion = 1;
	classes = {
	};
	objectVersion = 46;
	objects = {

/* Begin PBXBuildFile section */
		F436AFB71E8DB1D30084BAA2 /* AppDelegate.swift in Sources */ = {isa = PBXBuildFile; fileRef = F436AFB61E8DB1D30084BAA2 /* AppDelegate.swift */; };
		F436AFB91E8DB1D30084BAA2 /* ViewController.swift in Sources */ = {isa = PBXBuildFile; fileRef = F436AFB81E8DB1D30084BAA2 /* ViewController.swift */; };
		F436AFBC1E8DB1D30084BAA2 /* Main.storyboard in Resources */ = {isa = PBXBuildFile; fileRef = F436AFBA1E8DB1D30084BAA2 /* Main.storyboard */; };
		F436AFBE1E8DB1D30084BAA2 /* Assets.xcassets in Resources */ = {isa = PBXBuildFile; fileRef = F436AFBD1E8DB1D30084BAA2 /* Assets.xcassets */; };
		F436AFC11E8DB1D30084BAA2 /* LaunchScreen.storyboard in Resources */ = {isa = PBXBuildFile; fileRef = F436AFBF1E8DB1D30084BAA2 /* LaunchScreen.storyboard */; };
		F436AFCC1E8DB1D30084BAA2 /* RetroCalculatorTests.swift in Sources */ = {isa = PBXBuildFile; fileRef = F436AFCB1E8DB1D30084BAA2 /* RetroCalculatorTests.swift */; };
		F436AFD71E8DB1D30084BAA2 /* RetroCalculatorUITests.swift in Sources */ = {isa = PBXBuildFile; fileRef = F436AFD61E8DB1D30084BAA2 /* RetroCalculatorUITests.swift */; };
/* End PBXBuildFile section */

/* Begin PBXContainerItemProxy section */
		F436AFC81E8DB1D30084BAA2 /* PBXContainerItemProxy */ = {
			isa = PBXContainerItemProxy;
			containerPortal = F436AFAB1E8DB1D30084BAA2 /* Project object */;
			proxyType = 1;
			remoteGlobalIDString = F436AFB21E8DB1D30084BAA2;
			remoteInfo = RetroCalculator;
		};
		F436AFD31E8DB1D30084BAA2 /* PBXContainerItemProxy */ = {
			isa = PBXContainerItemProxy;
			containerPortal = F436AFAB1E8DB1D30084BAA2 /* Project object */;
			proxyType = 1;
			remoteGlobalIDString = F436AFB21E8DB1D30084BAA2;
			remoteInfo = RetroCalculator;
		};
/* End PBXContainerItemProxy section */

/* Begin PBXFileReference section */
		F436AFB31E8DB1D30084BAA2 /* RetroCalculator.app */ = {isa = PBXFileReference; explicitFileType = wrapper.application; includeInIndex = 0; path = RetroCalculator.app; sourceTree = BUILT_PRODUCTS_DIR; };
		F436AFB61E8DB1D30084BAA2 /* AppDelegate.swift */ = {isa = PBXFileReference; lastKnownFileType = sourcecode.swift; path = AppDelegate.swift; sourceTree = "<group>"; };
		F436AFB81E8DB1D30084BAA2 /* ViewController.swift */ = {isa = PBXFileReference; lastKnownFileType = sourcecode.swift; path = ViewController.swift; sourceTree = "<group>"; };
		F436AFBB1E8DB1D30084BAA2 /* Base */ = {isa = PBXFileReference; lastKnownFileType = file.storyboard; name = Base; path = Base.lproj/Main.storyboard; sourceTree = "<group>"; };
		F436AFBD1E8DB1D30084BAA2 /* Assets.xcassets */ = {isa = PBXFileReference; lastKnownFileType = folder.assetcatalog; path = Assets.xcassets; sourceTree = "<group>"; };
		F436AFC01E8DB1D30084BAA2 /* Base */ = {isa = PBXFileReference; lastKnownFileType = file.storyboard; name = Base; path = Base.lproj/LaunchScreen.storyboard; sourceTree = "<group>"; };
		F436AFC21E8DB1D30084BAA2 /* Info.plist */ = {isa = PBXFileReference; lastKnownFileType = text.plist.xml; path = Info.plist; sourceTree = "<group>"; };
		F436AFC71E8DB1D30084BAA2 /* RetroCalculatorTests.xctest */ = {isa = PBXFileReference; explicitFileType = wrapper.cfbundle; includeInIndex = 0; path = RetroCalculatorTests.xctest; sourceTree = BUILT_PRODUCTS_DIR; };
		F436AFCB1E8DB1D30084BAA2 /* RetroCalculatorTests.swift */ = {isa = PBXFileReference; lastKnownFileType = sourcecode.swift; path = RetroCalculatorTests.swift; sourceTree = "<group>"; };
		F436AFCD1E8DB1D30084BAA2 /* Info.plist */ = {isa = PBXFileReference; lastKnownFileType = text.plist.xml; path = Info.plist; sourceTree = "<group>"; };
		F436AFD21E8DB1D30084BAA2 /* RetroCalculatorUITests.xctest */ = {isa = PBXFileReference; explicitFileType = wrapper.cfbundle; includeInIndex = 0; path = RetroCalculatorUITests.xctest; sourceTree = BUILT_PRODUCTS_DIR; };
		F436AFD61E8DB1D30084BAA2 /* RetroCalculatorUITests.swift */ = {isa = PBXFileReference; lastKnownFileType = sourcecode.swift; path = RetroCalculatorUITests.swift; sourceTree = "<group>"; };
		F436AFD81E8DB1D30084BAA2 /* Info.plist */ = {isa = PBXFileReference; lastKnownFileType = text.plist.xml; path = Info.plist; sourceTree = "<group>"; };
/* End PBXFileReference section */

/* Begin PBXFrameworksBuildPhase section */
		F436AFB01E8DB1D30084BAA2 /* Frameworks */ = {
			isa = PBXFrameworksBuildPhase;
			buildActionMask = 2147483647;
			files = (
			);
			runOnlyForDeploymentPostprocessing = 0;
		};
		F436AFC41E8DB1D30084BAA2 /* Frameworks */ = {
			isa = PBXFrameworksBuildPhase;
			buildActionMask = 2147483647;
			files = (
			);
			runOnlyForDeploymentPostprocessing = 0;
		};
		F436AFCF1E8DB1D30084BAA2 /* Frameworks */ = {
			isa = PBXFrameworksBuildPhase;
			buildActionMask = 2147483647;
			files = (
			);
			runOnlyForDeploymentPostprocessing = 0;
		};
/* End PBXFrameworksBuildPhase section */

/* Begin PBXGroup section */
		F436AFAA1E8DB1D30084BAA2 = {
			isa = PBXGroup;
			children = (
				F436AFB51E8DB1D30084BAA2 /* RetroCalculator */,
				F436AFCA1E8DB1D30084BAA2 /* RetroCalculatorTests */,
				F436AFD51E8DB1D30084BAA2 /* RetroCalculatorUITests */,
				F436AFB41E8DB1D30084BAA2 /* Products */,
			);
			sourceTree = "<group>";
		};
		F436AFB41E8DB1D30084BAA2 /* Products */ = {
			isa = PBXGroup;
			children = (
				F436AFB31E8DB1D30084BAA2 /* RetroCalculator.app */,
				F436AFC71E8DB1D30084BAA2 /* RetroCalculatorTests.xctest */,
				F436AFD21E8DB1D30084BAA2 /* RetroCalculatorUITests.xctest */,
			);
			name = Products;
			sourceTree = "<group>";
		};
		F436AFB51E8DB1D30084BAA2 /* RetroCalculator */ = {
			isa = PBXGroup;
			children = (
				F436AFB61E8DB1D30084BAA2 /* AppDelegate.swift */,
				F436AFB81E8DB1D30084BAA2 /* ViewController.swift */,
				F436AFBA1E8DB1D30084BAA2 /* Main.storyboard */,
				F436AFBD1E8DB1D30084BAA2 /* Assets.xcassets */,
				F436AFBF1E8DB1D30084BAA2 /* LaunchScreen.storyboard */,
				F436AFC21E8DB1D30084BAA2 /* Info.plist */,
			);
			path = RetroCalculator;
			sourceTree = "<group>";
		};
		F436AFCA1E8DB1D30084BAA2 /* RetroCalculatorTests */ = {
			isa = PBXGroup;
			children = (
				F436AFCB1E8DB1D30084BAA2 /* RetroCalculatorTests.swift */,
				F436AFCD1E8DB1D30084BAA2 /* Info.plist */,
			);
			path = RetroCalculatorTests;
			sourceTree = "<group>";
		};
		F436AFD51E8DB1D30084BAA2 /* RetroCalculatorUITests */ = {
			isa = PBXGroup;
			children = (
				F436AFD61E8DB1D30084BAA2 /* RetroCalculatorUITests.swift */,
				F436AFD81E8DB1D30084BAA2 /* Info.plist */,
			);
			path = RetroCalculatorUITests;
			sourceTree = "<group>";
		};
/* End PBXGroup section */

/* Begin PBXNativeTarget section */
		F436AFB21E8DB1D30084BAA2 /* RetroCalculator */ = {
			isa = PBXNativeTarget;
			buildConfigurationList = F436AFDB1E8DB1D30084BAA2 /* Build configuration list for PBXNativeTarget "RetroCalculator" */;
			buildPhases = (
				F436AFAF1E8DB1D30084BAA2 /* Sources */,
				F436AFB01E8DB1D30084BAA2 /* Frameworks */,
				F436AFB11E8DB1D30084BAA2 /* Resources */,
			);
			buildRules = (
			);
			dependencies = (
			);
			name = RetroCalculator;
			productName = RetroCalculator;
			productReference = F436AFB31E8DB1D30084BAA2 /* RetroCalculator.app */;
			productType = "com.apple.product-type.application";
		};
		F436AFC61E8DB1D30084BAA2 /* RetroCalculatorTests */ = {
			isa = PBXNativeTarget;
			buildConfigurationList = F436AFDE1E8DB1D30084BAA2 /* Build configuration list for PBXNativeTarget "RetroCalculatorTests" */;
			buildPhases = (
				F436AFC31E8DB1D30084BAA2 /* Sources */,
				F436AFC41E8DB1D30084BAA2 /* Frameworks */,
				F436AFC51E8DB1D30084BAA2 /* Resources */,
			);
			buildRules = (
			);
			dependencies = (
				F436AFC91E8DB1D30084BAA2 /* PBXTargetDependency */,
			);
			name = RetroCalculatorTests;
			productName = RetroCalculatorTests;
			productReference = F436AFC71E8DB1D30084BAA2 /* RetroCalculatorTests.xctest */;
			productType = "com.apple.product-type.bundle.unit-test";
		};
		F436AFD11E8DB1D30084BAA2 /* RetroCalculatorUITests */ = {
			isa = PBXNativeTarget;
			buildConfigurationList = F436AFE11E8DB1D30084BAA2 /* Build configuration list for PBXNativeTarget "RetroCalculatorUITests" */;
			buildPhases = (
				F436AFCE1E8DB1D30084BAA2 /* Sources */,
				F436AFCF1E8DB1D30084BAA2 /* Frameworks */,
				F436AFD01E8DB1D30084BAA2 /* Resources */,
			);
			buildRules = (
			);
			dependencies = (
				F436AFD41E8DB1D30084BAA2 /* PBXTargetDependency */,
			);
			name = RetroCalculatorUITests;
			productName = RetroCalculatorUITests;
			productReference = F436AFD21E8DB1D30084BAA2 /* RetroCalculatorUITests.xctest */;
			productType = "com.apple.product-type.bundle.ui-testing";
		};
/* End PBXNativeTarget section */

/* Begin PBXProject section */
		F436AFAB1E8DB1D30084BAA2 /* Project object */ = {
			isa = PBXProject;
			attributes = {
				LastSwiftUpdateCheck = 0820;
				LastUpgradeCheck = 0820;
				ORGANIZATIONNAME = "Bryan Fein";
				TargetAttributes = {
					F436AFB21E8DB1D30084BAA2 = {
						CreatedOnToolsVersion = 8.2.1;
						ProvisioningStyle = Automatic;
					};
					F436AFC61E8DB1D30084BAA2 = {
						CreatedOnToolsVersion = 8.2.1;
						ProvisioningStyle = Automatic;
						TestTargetID = F436AFB21E8DB1D30084BAA2;
					};
					F436AFD11E8DB1D30084BAA2 = {
						CreatedOnToolsVersion = 8.2.1;
						ProvisioningStyle = Automatic;
						TestTargetID = F436AFB21E8DB1D30084BAA2;
					};
				};
			};
			buildConfigurationList = F436AFAE1E8DB1D30084BAA2 /* Build configuration list for PBXProject "RetroCalculator" */;
			compatibilityVersion = "Xcode 3.2";
			developmentRegion = English;
			hasScannedForEncodings = 0;
			knownRegions = (
				en,
				Base,
			);
			mainGroup = F436AFAA1E8DB1D30084BAA2;
			productRefGroup = F436AFB41E8DB1D30084BAA2 /* Products */;
			projectDirPath = "";
			projectRoot = "";
			targets = (
				F436AFB21E8DB1D30084BAA2 /* RetroCalculator */,
				F436AFC61E8DB1D30084BAA2 /* RetroCalculatorTests */,
				F436AFD11E8DB1D30084BAA2 /* RetroCalculatorUITests */,
			);
		};
/* End PBXProject section */

/* Begin PBXResourcesBuildPhase section */
		F436AFB11E8DB1D30084BAA2 /* Resources */ = {
			isa = PBXResourcesBuildPhase;
			buildActionMask = 2147483647;
			files = (
				F436AFC11E8DB1D30084BAA2 /* LaunchScreen.storyboard in Resources */,
				F436AFBE1E8DB1D30084BAA2 /* Assets.xcassets in Resources */,
				F436AFBC1E8DB1D30084BAA2 /* Main.storyboard in Resources */,
			);
			runOnlyForDeploymentPostprocessing = 0;
		};
		F436AFC51E8DB1D30084BAA2 /* Resources */ = {
			isa = PBXResourcesBuildPhase;
			buildActionMask = 2147483647;
			files = (
			);
			runOnlyForDeploymentPostprocessing = 0;
		};
		F436AFD01E8DB1D30084BAA2 /* Resources */ = {
			isa = PBXResourcesBuildPhase;
			buildActionMask = 2147483647;
			files = (
			);
			runOnlyForDeploymentPostprocessing = 0;
		};
/* End PBXResourcesBuildPhase section */

/* Begin PBXSourcesBuildPhase section */
		F436AFAF1E8DB1D30084BAA2 /* Sources */ = {
			isa = PBXSourcesBuildPhase;
			buildActionMask = 2147483647;
			files = (
				F436AFB91E8DB1D30084BAA2 /* ViewController.swift in Sources */,
				F436AFB71E8DB1D30084BAA2 /* AppDelegate.swift in Sources */,
			);
			runOnlyForDeploymentPostprocessing = 0;
		};
		F436AFC31E8DB1D30084BAA2 /* Sources */ = {
			isa = PBXSourcesBuildPhase;
			buildActionMask = 2147483647;
			files = (
				F436AFCC1E8DB1D30084BAA2 /* RetroCalculatorTests.swift in Sources */,
			);
			runOnlyForDeploymentPostprocessing = 0;
		};
		F436AFCE1E8DB1D30084BAA2 /* Sources */ = {
			isa = PBXSourcesBuildPhase;
			buildActionMask = 2147483647;
			files = (
				F436AFD71E8DB1D30084BAA2 /* RetroCalculatorUITests.swift in Sources */,
			);
			runOnlyForDeploymentPostprocessing = 0;
		};
/* End PBXSourcesBuildPhase section */

/* Begin PBXTargetDependency section */
		F436AFC91E8DB1D30084BAA2 /* PBXTargetDependency */ = {
			isa = PBXTargetDependency;
			target = F436AFB21E8DB1D30084BAA2 /* RetroCalculator */;
			targetProxy = F436AFC81E8DB1D30084BAA2 /* PBXContainerItemProxy */;
		};
		F436AFD41E8DB1D30084BAA2 /* PBXTargetDependency */ = {
			isa = PBXTargetDependency;
			target = F436AFB21E8DB1D30084BAA2 /* RetroCalculator */;
			targetProxy = F436AFD31E8DB1D30084BAA2 /* PBXContainerItemProxy */;
		};
/* End PBXTargetDependency section */

/* Begin PBXVariantGroup section */
		F436AFBA1E8DB1D30084BAA2 /* Main.storyboard */ = {
			isa = PBXVariantGroup;
			children = (
				F436AFBB1E8DB1D30084BAA2 /* Base */,
			);
			name = Main.storyboard;
			sourceTree = "<group>";
		};
		F436AFBF1E8DB1D30084BAA2 /* LaunchScreen.storyboard */ = {
			isa = PBXVariantGroup;
			children = (
				F436AFC01E8DB1D30084BAA2 /* Base */,
			);
			name = LaunchScreen.storyboard;
			sourceTree = "<group>";
		};
/* End PBXVariantGroup section */

/* Begin XCBuildConfiguration section */
		F436AFD91E8DB1D30084BAA2 /* Debug */ = {
			isa = XCBuildConfiguration;
			buildSettings = {
				ALWAYS_SEARCH_USER_PATHS = NO;
				CLANG_ANALYZER_NONNULL = YES;
				CLANG_CXX_LANGUAGE_STANDARD = "gnu++0x";
				CLANG_CXX_LIBRARY = "libc++";
				CLANG_ENABLE_MODULES = YES;
				CLANG_ENABLE_OBJC_ARC = YES;
				CLANG_WARN_BOOL_CONVERSION = YES;
				CLANG_WARN_CONSTANT_CONVERSION = YES;
				CLANG_WARN_DIRECT_OBJC_ISA_USAGE = YES_ERROR;
				CLANG_WARN_DOCUMENTATION_COMMENTS = YES;
				CLANG_WARN_EMPTY_BODY = YES;
				CLANG_WARN_ENUM_CONVERSION = YES;
				CLANG_WARN_INFINITE_RECURSION = YES;
				CLANG_WARN_INT_CONVERSION = YES;
				CLANG_WARN_OBJC_ROOT_CLASS = YES_ERROR;
				CLANG_WARN_SUSPICIOUS_MOVE = YES;
				CLANG_WARN_UNREACHABLE_CODE = YES;
				CLANG_WARN__DUPLICATE_METHOD_MATCH = YES;
				"CODE_SIGN_IDENTITY[sdk=iphoneos*]" = "iPhone Developer";
				COPY_PHASE_STRIP = NO;
				DEBUG_INFORMATION_FORMAT = dwarf;
				ENABLE_STRICT_OBJC_MSGSEND = YES;
				ENABLE_TESTABILITY = YES;
				GCC_C_LANGUAGE_STANDARD = gnu99;
				GCC_DYNAMIC_NO_PIC = NO;
				GCC_NO_COMMON_BLOCKS = YES;
				GCC_OPTIMIZATION_LEVEL = 0;
				GCC_PREPROCESSOR_DEFINITIONS = (
					"DEBUG=1",
					"$(inherited)",
				);
				GCC_WARN_64_TO_32_BIT_CONVERSION = YES;
				GCC_WARN_ABOUT_RETURN_TYPE = YES_ERROR;
				GCC_WARN_UNDECLARED_SELECTOR = YES;
				GCC_WARN_UNINITIALIZED_AUTOS = YES_AGGRESSIVE;
				GCC_WARN_UNUSED_FUNCTION = YES;
				GCC_WARN_UNUSED_VARIABLE = YES;
				IPHONEOS_DEPLOYMENT_TARGET = 10.2;
				MTL_ENABLE_DEBUG_INFO = YES;
				ONLY_ACTIVE_ARCH = YES;
				SDKROOT = iphoneos;
				SWIFT_ACTIVE_COMPILATION_CONDITIONS = DEBUG;
				SWIFT_OPTIMIZATION_LEVEL = "-Onone";
				TARGETED_DEVICE_FAMILY = "1,2";
			};
			name = Debug;
		};
		F436AFDA1E8DB1D30084BAA2 /* Release */ = {
			isa = XCBuildConfiguration;
			buildSettings = {
				ALWAYS_SEARCH_USER_PATHS = NO;
				CLANG_ANALYZER_NONNULL = YES;
				CLANG_CXX_LANGUAGE_STANDARD = "gnu++0x";
				CLANG_CXX_LIBRARY = "libc++";
				CLANG_ENABLE_MODULES = YES;
				CLANG_ENABLE_OBJC_ARC = YES;
				CLANG_WARN_BOOL_CONVERSION = YES;
				CLANG_WARN_CONSTANT_CONVERSION = YES;
				CLANG_WARN_DIRECT_OBJC_ISA_USAGE = YES_ERROR;
				CLANG_WARN_DOCUMENTATION_COMMENTS = YES;
				CLANG_WARN_EMPTY_BODY = YES;
				CLANG_WARN_ENUM_CONVERSION = YES;
				CLANG_WARN_INFINITE_RECURSION = YES;
				CLANG_WARN_INT_CONVERSION = YES;
				CLANG_WARN_OBJC_ROOT_CLASS = YES_ERROR;
				CLANG_WARN_SUSPICIOUS_MOVE = YES;
				CLANG_WARN_UNREACHABLE_CODE = YES;
				CLANG_WARN__DUPLICATE_METHOD_MATCH = YES;
				"CODE_SIGN_IDENTITY[sdk=iphoneos*]" = "iPhone Developer";
				COPY_PHASE_STRIP = NO;
				DEBUG_INFORMATION_FORMAT = "dwarf-with-dsym";
				ENABLE_NS_ASSERTIONS = NO;
				ENABLE_STRICT_OBJC_MSGSEND = YES;
				GCC_C_LANGUAGE_STANDARD = gnu99;
				GCC_NO_COMMON_BLOCKS = YES;
				GCC_WARN_64_TO_32_BIT_CONVERSION = YES;
				GCC_WARN_ABOUT_RETURN_TYPE = YES_ERROR;
				GCC_WARN_UNDECLARED_SELECTOR = YES;
				GCC_WARN_UNINITIALIZED_AUTOS = YES_AGGRESSIVE;
				GCC_WARN_UNUSED_FUNCTION = YES;
				GCC_WARN_UNUSED_VARIABLE = YES;
				IPHONEOS_DEPLOYMENT_TARGET = 10.2;
				MTL_ENABLE_DEBUG_INFO = NO;
				SDKROOT = iphoneos;
				SWIFT_OPTIMIZATION_LEVEL = "-Owholemodule";
				TARGETED_DEVICE_FAMILY = "1,2";
				VALIDATE_PRODUCT = YES;
			};
			name = Release;
		};
		F436AFDC1E8DB1D30084BAA2 /* Debug */ = {
			isa = XCBuildConfiguration;
			buildSettings = {
				ASSETCATALOG_COMPILER_APPICON_NAME = AppIcon;
				INFOPLIST_FILE = RetroCalculator/Info.plist;
				LD_RUNPATH_SEARCH_PATHS = "$(inherited) @executable_path/Frameworks";
				PRODUCT_BUNDLE_IDENTIFIER = "Bryan-Fein.RetroCalculator";
				PRODUCT_NAME = "$(TARGET_NAME)";
				SWIFT_VERSION = 3.0;
			};
			name = Debug;
		};
		F436AFDD1E8DB1D30084BAA2 /* Release */ = {
			isa = XCBuildConfiguration;
			buildSettings = {
				ASSETCATALOG_COMPILER_APPICON_NAME = AppIcon;
				INFOPLIST_FILE = RetroCalculator/Info.plist;
				LD_RUNPATH_SEARCH_PATHS = "$(inherited) @executable_path/Frameworks";
				PRODUCT_BUNDLE_IDENTIFIER = "Bryan-Fein.RetroCalculator";
				PRODUCT_NAME = "$(TARGET_NAME)";
				SWIFT_VERSION = 3.0;
			};
			name = Release;
		};
		F436AFDF1E8DB1D30084BAA2 /* Debug */ = {
			isa = XCBuildConfiguration;
			buildSettings = {
				ALWAYS_EMBED_SWIFT_STANDARD_LIBRARIES = YES;
				BUNDLE_LOADER = "$(TEST_HOST)";
				INFOPLIST_FILE = RetroCalculatorTests/Info.plist;
				LD_RUNPATH_SEARCH_PATHS = "$(inherited) @executable_path/Frameworks @loader_path/Frameworks";
				PRODUCT_BUNDLE_IDENTIFIER = "Bryan-Fein.RetroCalculatorTests";
				PRODUCT_NAME = "$(TARGET_NAME)";
				SWIFT_VERSION = 3.0;
				TEST_HOST = "$(BUILT_PRODUCTS_DIR)/RetroCalculator.app/RetroCalculator";
			};
			name = Debug;
		};
		F436AFE01E8DB1D30084BAA2 /* Release */ = {
			isa = XCBuildConfiguration;
			buildSettings = {
				ALWAYS_EMBED_SWIFT_STANDARD_LIBRARIES = YES;
				BUNDLE_LOADER = "$(TEST_HOST)";
				INFOPLIST_FILE = RetroCalculatorTests/Info.plist;
				LD_RUNPATH_SEARCH_PATHS = "$(inherited) @executable_path/Frameworks @loader_path/Frameworks";
				PRODUCT_BUNDLE_IDENTIFIER = "Bryan-Fein.RetroCalculatorTests";
				PRODUCT_NAME = "$(TARGET_NAME)";
				SWIFT_VERSION = 3.0;
				TEST_HOST = "$(BUILT_PRODUCTS_DIR)/RetroCalculator.app/RetroCalculator";
			};
			name = Release;
		};
		F436AFE21E8DB1D30084BAA2 /* Debug */ = {
			isa = XCBuildConfiguration;
			buildSettings = {
				ALWAYS_EMBED_SWIFT_STANDARD_LIBRARIES = YES;
				INFOPLIST_FILE = RetroCalculatorUITests/Info.plist;
				LD_RUNPATH_SEARCH_PATHS = "$(inherited) @executable_path/Frameworks @loader_path/Frameworks";
				PRODUCT_BUNDLE_IDENTIFIER = "Bryan-Fein.RetroCalculatorUITests";
				PRODUCT_NAME = "$(TARGET_NAME)";
				SWIFT_VERSION = 3.0;
				TEST_TARGET_NAME = RetroCalculator;
			};
			name = Debug;
		};
		F436AFE31E8DB1D30084BAA2 /* Release */ = {
			isa = XCBuildConfiguration;
			buildSettings = {
				ALWAYS_EMBED_SWIFT_STANDARD_LIBRARIES = YES;
				INFOPLIST_FILE = RetroCalculatorUITests/Info.plist;
				LD_RUNPATH_SEARCH_PATHS = "$(inherited) @executable_path/Frameworks @loader_path/Frameworks";
				PRODUCT_BUNDLE_IDENTIFIER = "Bryan-Fein.RetroCalculatorUITests";
				PRODUCT_NAME = "$(TARGET_NAME)";
				SWIFT_VERSION = 3.0;
				TEST_TARGET_NAME = RetroCalculator;
			};
			name = Release;
		};
/* End XCBuildConfiguration section */

/* Begin XCConfigurationList section */
		F436AFAE1E8DB1D30084BAA2 /* Build configuration list for PBXProject "RetroCalculator" */ = {
			isa = XCConfigurationList;
			buildConfigurations = (
				F436AFD91E8DB1D30084BAA2 /* Debug */,
				F436AFDA1E8DB1D30084BAA2 /* Release */,
			);
			defaultConfigurationIsVisible = 0;
			defaultConfigurationName = Release;
		};
		F436AFDB1E8DB1D30084BAA2 /* Build configuration list for PBXNativeTarget "RetroCalculator" */ = {
			isa = XCConfigurationList;
			buildConfigurations = (
				F436AFDC1E8DB1D30084BAA2 /* Debug */,
				F436AFDD1E8DB1D30084BAA2 /* Release */,
			);
			defaultConfigurationIsVisible = 0;
		};
		F436AFDE1E8DB1D30084BAA2 /* Build configuration list for PBXNativeTarget "RetroCalculatorTests" */ = {
			isa = XCConfigurationList;
			buildConfigurations = (
				F436AFDF1E8DB1D30084BAA2 /* Debug */,
				F436AFE01E8DB1D30084BAA2 /* Release */,
			);
			defaultConfigurationIsVisible = 0;
		};
		F436AFE11E8DB1D30084BAA2 /* Build configuration list for PBXNativeTarget "RetroCalculatorUITests" */ = {
			isa = XCConfigurationList;
			buildConfigurations = (
				F436AFE21E8DB1D30084BAA2 /* Debug */,
				F436AFE31E8DB1D30084BAA2 /* Release */,
			);
			defaultConfigurationIsVisible = 0;
		};
/* End XCConfigurationList section */
	};
	rootObject = F436AFAB1E8DB1D30084BAA2 /* Project object */;
}
